
Microsoft Visual Studio Solution File, Format Version 12.00
# Visual Studio Version 17
VisualStudioVersion = 17.5.002.0
MinimumVisualStudioVersion = 10.0.40219.1
Project("{2150E333-8FDC-42A3-9474-1A3956D46DE8}") = "src", "src", "{A95D695A-36A1-4655-B115-62115A8A1469}"
EndProject
Project("{FAE04EC0-301F-11D3-BF4B-00C04F79EFBC}") = "GameUnitTests", "src\GameUnitTests\GameUnitTests.csproj", "{BEBCDA2A-2B8D-4977-BC0C-19C7F125650E}"
EndProject
Project("{FAE04EC0-301F-11D3-BF4B-00C04F79EFBC}") = "GameCore", "src\GameCore\GameCore.csproj", "{FB5D94CB-9A0B-4230-8260-EFBE574DD7DF}"
EndProject
Project("{FAE04EC0-301F-11D3-BF4B-00C04F79EFBC}") = "TheTreasureQuest", "src\TheTreasureQuest\TheTreasureQuest.csproj", "{DE12B00C-D4DC-4857-9700-B694B306CA21}"
EndProject
Global
	GlobalSection(SolutionConfigurationPlatforms) = preSolution
		Debug|Any CPU = Debug|Any CPU
		Release|Any CPU = Release|Any CPU
	EndGlobalSection
	GlobalSection(ProjectConfigurationPlatforms) = postSolution
		{BEBCDA2A-2B8D-4977-BC0C-19C7F125650E}.Debug|Any CPU.ActiveCfg = Debug|Any CPU
		{BEBCDA2A-2B8D-4977-BC0C-19C7F125650E}.Debug|Any CPU.Build.0 = Debug|Any CPU
		{BEBCDA2A-2B8D-4977-BC0C-19C7F125650E}.Release|Any CPU.ActiveCfg = Release|Any CPU
		{BEBCDA2A-2B8D-4977-BC0C-19C7F125650E}.Release|Any CPU.Build.0 = Release|Any CPU
		{FB5D94CB-9A0B-4230-8260-EFBE574DD7DF}.Debug|Any CPU.ActiveCfg = Debug|Any CPU
		{FB5D94CB-9A0B-4230-8260-EFBE574DD7DF}.Debug|Any CPU.Build.0 = Debug|Any CPU
		{FB5D94CB-9A0B-4230-8260-EFBE574DD7DF}.Release|Any CPU.ActiveCfg = Release|Any CPU
		{FB5D94CB-9A0B-4230-8260-EFBE574DD7DF}.Release|Any CPU.Build.0 = Release|Any CPU
		{DE12B00C-D4DC-4857-9700-B694B306CA21}.Debug|Any CPU.ActiveCfg = Debug|Any CPU
		{DE12B00C-D4DC-4857-9700-B694B306CA21}.Debug|Any CPU.Build.0 = Debug|Any CPU
		{DE12B00C-D4DC-4857-9700-B694B306CA21}.Release|Any CPU.ActiveCfg = Release|Any CPU
		{DE12B00C-D4DC-4857-9700-B694B306CA21}.Release|Any CPU.Build.0 = Release|Any CPU
	EndGlobalSection
	GlobalSection(SolutionProperties) = preSolution
		HideSolutionNode = FALSE
	EndGlobalSection
	GlobalSection(NestedProjects) = preSolution
		{BEBCDA2A-2B8D-4977-BC0C-19C7F125650E} = {A95D695A-36A1-4655-B115-62115A8A1469}
		{FB5D94CB-9A0B-4230-8260-EFBE574DD7DF} = {A95D695A-36A1-4655-B115-62115A8A1469}
		{DE12B00C-D4DC-4857-9700-B694B306CA21} = {A95D695A-36A1-4655-B115-62115A8A1469}
	EndGlobalSection
	GlobalSection(ExtensibilityGlobals) = postSolution
		SolutionGuid = {812A5036-88DD-47D7-8F52-88D35A866977}
	EndGlobalSection
EndGlobal
